// !$*UTF8*$!
{
	archiveVersion = 1;
	classes = {
	};
	objectVersion = 56;
	objects = {

/* Begin PBXBuildFile section */
		E1D308A228E4195D0023F4EF /* AppDelegate.swift in Sources */ = {isa = PBXBuildFile; fileRef = E1D308A128E4195D0023F4EF /* AppDelegate.swift */; };
		E1D308A428E4195D0023F4EF /* SceneDelegate.swift in Sources */ = {isa = PBXBuildFile; fileRef = E1D308A328E4195D0023F4EF /* SceneDelegate.swift */; };
		E1D308A628E4195D0023F4EF /* ViewController.swift in Sources */ = {isa = PBXBuildFile; fileRef = E1D308A528E4195D0023F4EF /* ViewController.swift */; };
		E1D308A928E4195D0023F4EF /* Main.storyboard in Resources */ = {isa = PBXBuildFile; fileRef = E1D308A728E4195D0023F4EF /* Main.storyboard */; };
		E1D308AB28E419600023F4EF /* Assets.xcassets in Resources */ = {isa = PBXBuildFile; fileRef = E1D308AA28E419600023F4EF /* Assets.xcassets */; };
		E1D308AE28E419600023F4EF /* LaunchScreen.storyboard in Resources */ = {isa = PBXBuildFile; fileRef = E1D308AC28E419600023F4EF /* LaunchScreen.storyboard */; };
		E1D308B728E419C00023F4EF /* CallKit.framework in Frameworks */ = {isa = PBXBuildFile; fileRef = E1D308B628E419C00023F4EF /* CallKit.framework */; };
		E1D308B928E419CF0023F4EF /* PushKit.framework in Frameworks */ = {isa = PBXBuildFile; fileRef = E1D308B828E419CF0023F4EF /* PushKit.framework */; };
/* End PBXBuildFile section */

/* Begin PBXFileReference section */
		E1D3089E28E4195D0023F4EF /* VoIP Test.app */ = {isa = PBXFileReference; explicitFileType = wrapper.application; includeInIndex = 0; path = "VoIP Test.app"; sourceTree = BUILT_PRODUCTS_DIR; };
		E1D308A128E4195D0023F4EF /* AppDelegate.swift */ = {isa = PBXFileReference; lastKnownFileType = sourcecode.swift; path = AppDelegate.swift; sourceTree = "<group>"; };
		E1D308A328E4195D0023F4EF /* SceneDelegate.swift */ = {isa = PBXFileReference; lastKnownFileType = sourcecode.swift; path = SceneDelegate.swift; sourceTree = "<group>"; };
		E1D308A528E4195D0023F4EF /* ViewController.swift */ = {isa = PBXFileReference; lastKnownFileType = sourcecode.swift; path = ViewController.swift; sourceTree = "<group>"; };
		E1D308A828E4195D0023F4EF /* Base */ = {isa = PBXFileReference; lastKnownFileType = file.storyboard; name = Base; path = Base.lproj/Main.storyboard; sourceTree = "<group>"; };
		E1D308AA28E419600023F4EF /* Assets.xcassets */ = {isa = PBXFileReference; lastKnownFileType = folder.assetcatalog; path = Assets.xcassets; sourceTree = "<group>"; };
		E1D308AD28E419600023F4EF /* Base */ = {isa = PBXFileReference; lastKnownFileType = file.storyboard; name = Base; path = Base.lproj/LaunchScreen.storyboard; sourceTree = "<group>"; };
		E1D308AF28E419600023F4EF /* Info.plist */ = {isa = PBXFileReference; lastKnownFileType = text.plist.xml; path = Info.plist; sourceTree = "<group>"; };
		E1D308B628E419C00023F4EF /* CallKit.framework */ = {isa = PBXFileReference; lastKnownFileType = wrapper.framework; name = CallKit.framework; path = System/Library/Frameworks/CallKit.framework; sourceTree = SDKROOT; };
		E1D308B828E419CF0023F4EF /* PushKit.framework */ = {isa = PBXFileReference; lastKnownFileType = wrapper.framework; name = PushKit.framework; path = System/Library/Frameworks/PushKit.framework; sourceTree = SDKROOT; };
		E1D308BA28E41AAF0023F4EF /* VoIP Test.entitlements */ = {isa = PBXFileReference; lastKnownFileType = text.plist.entitlements; path = "VoIP Test.entitlements"; sourceTree = "<group>"; };
/* End PBXFileReference section */

/* Begin PBXFrameworksBuildPhase section */
		E1D3089B28E4195D0023F4EF /* Frameworks */ = {
			isa = PBXFrameworksBuildPhase;
			buildActionMask = 2147483647;
			files = (
				E1D308B728E419C00023F4EF /* CallKit.framework in Frameworks */,
				E1D308B928E419CF0023F4EF /* PushKit.framework in Frameworks */,
			);
			runOnlyForDeploymentPostprocessing = 0;
		};
/* End PBXFrameworksBuildPhase section */

/* Begin PBXGroup section */
		E1D3089528E4195D0023F4EF = {
			isa = PBXGroup;
			children = (
				E1D308A028E4195D0023F4EF /* VoIP Test */,
				E1D3089F28E4195D0023F4EF /* Products */,
				E1D308B528E419C00023F4EF /* Frameworks */,
			);
			sourceTree = "<group>";
		};
		E1D3089F28E4195D0023F4EF /* Products */ = {
			isa = PBXGroup;
			children = (
				E1D3089E28E4195D0023F4EF /* VoIP Test.app */,
			);
			name = Products;
			sourceTree = "<group>";
		};
		E1D308A028E4195D0023F4EF /* VoIP Test */ = {
			isa = PBXGroup;
			children = (
				E1D308BA28E41AAF0023F4EF /* VoIP Test.entitlements */,
				E1D308A128E4195D0023F4EF /* AppDelegate.swift */,
				E1D308A328E4195D0023F4EF /* SceneDelegate.swift */,
				E1D308A528E4195D0023F4EF /* ViewController.swift */,
				E1D308A728E4195D0023F4EF /* Main.storyboard */,
				E1D308AA28E419600023F4EF /* Assets.xcassets */,
				E1D308AC28E419600023F4EF /* LaunchScreen.storyboard */,
				E1D308AF28E419600023F4EF /* Info.plist */,
			);
			path = "VoIP Test";
			sourceTree = "<group>";
		};
		E1D308B528E419C00023F4EF /* Frameworks */ = {
			isa = PBXGroup;
			children = (
				E1D308B828E419CF0023F4EF /* PushKit.framework */,
				E1D308B628E419C00023F4EF /* CallKit.framework */,
			);
			name = Frameworks;
			sourceTree = "<group>";
		};
/* End PBXGroup section */

/* Begin PBXNativeTarget section */
		E1D3089D28E4195D0023F4EF /* VoIP Test */ = {
			isa = PBXNativeTarget;
			buildConfigurationList = E1D308B228E419600023F4EF /* Build configuration list for PBXNativeTarget "VoIP Test" */;
			buildPhases = (
				E1D3089A28E4195D0023F4EF /* Sources */,
				E1D3089B28E4195D0023F4EF /* Frameworks */,
				E1D3089C28E4195D0023F4EF /* Resources */,
			);
			buildRules = (
			);
			dependencies = (
			);
			name = "VoIP Test";
			productName = "VoIP Test";
			productReference = E1D3089E28E4195D0023F4EF /* VoIP Test.app */;
			productType = "com.apple.product-type.application";
		};
/* End PBXNativeTarget section */

/* Begin PBXProject section */
		E1D3089628E4195D0023F4EF /* Project object */ = {
			isa = PBXProject;
			attributes = {
				BuildIndependentTargetsInParallel = 1;
				LastSwiftUpdateCheck = 1400;
				LastUpgradeCheck = 1400;
				TargetAttributes = {
					E1D3089D28E4195D0023F4EF = {
						CreatedOnToolsVersion = 14.0;
					};
				};
			};
			buildConfigurationList = E1D3089928E4195D0023F4EF /* Build configuration list for PBXProject "VoIP Test" */;
			compatibilityVersion = "Xcode 14.0";
			developmentRegion = en;
			hasScannedForEncodings = 0;
			knownRegions = (
				en,
				Base,
			);
			mainGroup = E1D3089528E4195D0023F4EF;
			productRefGroup = E1D3089F28E4195D0023F4EF /* Products */;
			projectDirPath = "";
			projectRoot = "";
			targets = (
				E1D3089D28E4195D0023F4EF /* VoIP Test */,
			);
		};
/* End PBXProject section */

/* Begin PBXResourcesBuildPhase section */
		E1D3089C28E4195D0023F4EF /* Resources */ = {
			isa = PBXResourcesBuildPhase;
			buildActionMask = 2147483647;
			files = (
				E1D308AE28E419600023F4EF /* LaunchScreen.storyboard in Resources */,
				E1D308AB28E419600023F4EF /* Assets.xcassets in Resources */,
				E1D308A928E4195D0023F4EF /* Main.storyboard in Resources */,
			);
			runOnlyForDeploymentPostprocessing = 0;
		};
/* End PBXResourcesBuildPhase section */

/* Begin PBXSourcesBuildPhase section */
		E1D3089A28E4195D0023F4EF /* Sources */ = {
			isa = PBXSourcesBuildPhase;
			buildActionMask = 2147483647;
			files = (
				E1D308A628E4195D0023F4EF /* ViewController.swift in Sources */,
				E1D308A228E4195D0023F4EF /* AppDelegate.swift in Sources */,
				E1D308A428E4195D0023F4EF /* SceneDelegate.swift in Sources */,
			);
			runOnlyForDeploymentPostprocessing = 0;
		};
/* End PBXSourcesBuildPhase section */

/* Begin PBXVariantGroup section */
		E1D308A728E4195D0023F4EF /* Main.storyboard */ = {
			isa = PBXVariantGroup;
			children = (
				E1D308A828E4195D0023F4EF /* Base */,
			);
			name = Main.storyboard;
			sourceTree = "<group>";
		};
		E1D308AC28E419600023F4EF /* LaunchScreen.storyboard */ = {
			isa = PBXVariantGroup;
			children = (
				E1D308AD28E419600023F4EF /* Base */,
			);
			name = LaunchScreen.storyboard;
			sourceTree = "<group>";
		};
/* End PBXVariantGroup section */

/* Begin XCBuildConfiguration section */
		E1D308B028E419600023F4EF /* Debug */ = {
			isa = XCBuildConfiguration;
			buildSettings = {
				ALWAYS_SEARCH_USER_PATHS = NO;
				CLANG_ANALYZER_NONNULL = YES;
				CLANG_ANALYZER_NUMBER_OBJECT_CONVERSION = YES_AGGRESSIVE;
				CLANG_CXX_LANGUAGE_STANDARD = "gnu++20";
				CLANG_ENABLE_MODULES = YES;
				CLANG_ENABLE_OBJC_ARC = YES;
				CLANG_ENABLE_OBJC_WEAK = YES;
				CLANG_WARN_BLOCK_CAPTURE_AUTORELEASING = YES;
				CLANG_WARN_BOOL_CONVERSION = YES;
				CLANG_WARN_COMMA = YES;
				CLANG_WARN_CONSTANT_CONVERSION = YES;
				CLANG_WARN_DEPRECATED_OBJC_IMPLEMENTATIONS = YES;
				CLANG_WARN_DIRECT_OBJC_ISA_USAGE = YES_ERROR;
				CLANG_WARN_DOCUMENTATION_COMMENTS = YES;
				CLANG_WARN_EMPTY_BODY = YES;
				CLANG_WARN_ENUM_CONVERSION = YES;
				CLANG_WARN_INFINITE_RECURSION = YES;
				CLANG_WARN_INT_CONVERSION = YES;
				CLANG_WARN_NON_LITERAL_NULL_CONVERSION = YES;
				CLANG_WARN_OBJC_IMPLICIT_RETAIN_SELF = YES;
				CLANG_WARN_OBJC_LITERAL_CONVERSION = YES;
				CLANG_WARN_OBJC_ROOT_CLASS = YES_ERROR;
				CLANG_WARN_QUOTED_INCLUDE_IN_FRAMEWORK_HEADER = YES;
				CLANG_WARN_RANGE_LOOP_ANALYSIS = YES;
				CLANG_WARN_STRICT_PROTOTYPES = YES;
				CLANG_WARN_SUSPICIOUS_MOVE = YES;
				CLANG_WARN_UNGUARDED_AVAILABILITY = YES_AGGRESSIVE;
				CLANG_WARN_UNREACHABLE_CODE = YES;
				CLANG_WARN__DUPLICATE_METHOD_MATCH = YES;
				COPY_PHASE_STRIP = NO;
				DEBUG_INFORMATION_FORMAT = dwarf;
				ENABLE_STRICT_OBJC_MSGSEND = YES;
				ENABLE_TESTABILITY = YES;
				GCC_C_LANGUAGE_STANDARD = gnu11;
				GCC_DYNAMIC_NO_PIC = NO;
				GCC_NO_COMMON_BLOCKS = YES;
				GCC_OPTIMIZATION_LEVEL = 0;
				GCC_PREPROCESSOR_DEFINITIONS = (
					"DEBUG=1",
					"$(inherited)",
				);
				GCC_WARN_64_TO_32_BIT_CONVERSION = YES;
				GCC_WARN_ABOUT_RETURN_TYPE = YES_ERROR;
				GCC_WARN_UNDECLARED_SELECTOR = YES;
				GCC_WARN_UNINITIALIZED_AUTOS = YES_AGGRESSIVE;
				GCC_WARN_UNUSED_FUNCTION = YES;
				GCC_WARN_UNUSED_VARIABLE = YES;
				IPHONEOS_DEPLOYMENT_TARGET = 16.0;
				MTL_ENABLE_DEBUG_INFO = INCLUDE_SOURCE;
				MTL_FAST_MATH = YES;
				ONLY_ACTIVE_ARCH = YES;
				SDKROOT = iphoneos;
				SWIFT_ACTIVE_COMPILATION_CONDITIONS = DEBUG;
				SWIFT_OPTIMIZATION_LEVEL = "-Onone";
			};
			name = Debug;
		};
		E1D308B128E419600023F4EF /* Release */ = {
			isa = XCBuildConfiguration;
			buildSettings = {
				ALWAYS_SEARCH_USER_PATHS = NO;
				CLANG_ANALYZER_NONNULL = YES;
				CLANG_ANALYZER_NUMBER_OBJECT_CONVERSION = YES_AGGRESSIVE;
				CLANG_CXX_LANGUAGE_STANDARD = "gnu++20";
				CLANG_ENABLE_MODULES = YES;
				CLANG_ENABLE_OBJC_ARC = YES;
				CLANG_ENABLE_OBJC_WEAK = YES;
				CLANG_WARN_BLOCK_CAPTURE_AUTORELEASING = YES;
				CLANG_WARN_BOOL_CONVERSION = YES;
				CLANG_WARN_COMMA = YES;
				CLANG_WARN_CONSTANT_CONVERSION = YES;
				CLANG_WARN_DEPRECATED_OBJC_IMPLEMENTATIONS = YES;
				CLANG_WARN_DIRECT_OBJC_ISA_USAGE = YES_ERROR;
				CLANG_WARN_DOCUMENTATION_COMMENTS = YES;
				CLANG_WARN_EMPTY_BODY = YES;
				CLANG_WARN_ENUM_CONVERSION = YES;
				CLANG_WARN_INFINITE_RECURSION = YES;
				CLANG_WARN_INT_CONVERSION = YES;
				CLANG_WARN_NON_LITERAL_NULL_CONVERSION = YES;
				CLANG_WARN_OBJC_IMPLICIT_RETAIN_SELF = YES;
				CLANG_WARN_OBJC_LITERAL_CONVERSION = YES;
				CLANG_WARN_OBJC_ROOT_CLASS = YES_ERROR;
				CLANG_WARN_QUOTED_INCLUDE_IN_FRAMEWORK_HEADER = YES;
				CLANG_WARN_RANGE_LOOP_ANALYSIS = YES;
				CLANG_WARN_STRICT_PROTOTYPES = YES;
				CLANG_WARN_SUSPICIOUS_MOVE = YES;
				CLANG_WARN_UNGUARDED_AVAILABILITY = YES_AGGRESSIVE;
				CLANG_WARN_UNREACHABLE_CODE = YES;
				CLANG_WARN__DUPLICATE_METHOD_MATCH = YES;
				COPY_PHASE_STRIP = NO;
				DEBUG_INFORMATION_FORMAT = "dwarf-with-dsym";
				ENABLE_NS_ASSERTIONS = NO;
				ENABLE_STRICT_OBJC_MSGSEND = YES;
				GCC_C_LANGUAGE_STANDARD = gnu11;
				GCC_NO_COMMON_BLOCKS = YES;
				GCC_WARN_64_TO_32_BIT_CONVERSION = YES;
				GCC_WARN_ABOUT_RETURN_TYPE = YES_ERROR;
				GCC_WARN_UNDECLARED_SELECTOR = YES;
				GCC_WARN_UNINITIALIZED_AUTOS = YES_AGGRESSIVE;
				GCC_WARN_UNUSED_FUNCTION = YES;
				GCC_WARN_UNUSED_VARIABLE = YES;
				IPHONEOS_DEPLOYMENT_TARGET = 16.0;
				MTL_ENABLE_DEBUG_INFO = NO;
				MTL_FAST_MATH = YES;
				SDKROOT = iphoneos;
				SWIFT_COMPILATION_MODE = wholemodule;
				SWIFT_OPTIMIZATION_LEVEL = "-O";
				VALIDATE_PRODUCT = YES;
			};
			name = Release;
		};
		E1D308B328E419600023F4EF /* Debug */ = {
			isa = XCBuildConfiguration;
			buildSettings = {
				ASSETCATALOG_COMPILER_APPICON_NAME = AppIcon;
				ASSETCATALOG_COMPILER_GLOBAL_ACCENT_COLOR_NAME = AccentColor;
				CODE_SIGN_ENTITLEMENTS = "VoIP Test/VoIP Test.entitlements";
				CODE_SIGN_STYLE = Automatic;
				CURRENT_PROJECT_VERSION = 1;
				DEVELOPMENT_TEAM = SB3RMSAWRB;
				GENERATE_INFOPLIST_FILE = YES;
				INFOPLIST_FILE = "VoIP Test/Info.plist";
				INFOPLIST_KEY_UIApplicationSupportsIndirectInputEvents = YES;
				INFOPLIST_KEY_UILaunchStoryboardName = LaunchScreen;
				INFOPLIST_KEY_UIMainStoryboardFile = Main;
				INFOPLIST_KEY_UISupportedInterfaceOrientations = UIInterfaceOrientationPortrait;
				INFOPLIST_KEY_UISupportedInterfaceOrientations_iPad = "UIInterfaceOrientationLandscapeLeft UIInterfaceOrientationLandscapeRight UIInterfaceOrientationPortrait UIInterfaceOrientationPortraitUpsideDown";
				IPHONEOS_DEPLOYMENT_TARGET = 15.0;
				LD_RUNPATH_SEARCH_PATHS = (
					"$(inherited)",
					"@executable_path/Frameworks",
				);
				MARKETING_VERSION = 1.0;
				PRODUCT_BUNDLE_IDENTIFIER = "com.allgram.Allgram-dev";
				PRODUCT_NAME = "$(TARGET_NAME)";
				SUPPORTED_PLATFORMS = "iphoneos iphonesimulator";
				SUPPORTS_MACCATALYST = NO;
				SUPPORTS_MAC_DESIGNED_FOR_IPHONE_IPAD = NO;
				SWIFT_EMIT_LOC_STRINGS = YES;
				SWIFT_VERSION = 5.0;
				TARGETED_DEVICE_FAMILY = 1;
			};
			name = Debug;
		};
		E1D308B428E419600023F4EF /* Release */ = {
			isa = XCBuildConfiguration;
			buildSettings = {
				ASSETCATALOG_COMPILER_APPICON_NAME = AppIcon;
				ASSETCATALOG_COMPILER_GLOBAL_ACCENT_COLOR_NAME = AccentColor;
				CODE_SIGN_ENTITLEMENTS = "VoIP Test/VoIP Test.entitlements";
				CODE_SIGN_STYLE = Automatic;
				CURRENT_PROJECT_VERSION = 1;
				DEVELOPMENT_TEAM = SB3RMSAWRB;
				GENERATE_INFOPLIST_FILE = YES;
				INFOPLIST_FILE = "VoIP Test/Info.plist";
				INFOPLIST_KEY_UIApplicationSupportsIndirectInputEvents = YES;
				INFOPLIST_KEY_UILaunchStoryboardName = LaunchScreen;
				INFOPLIST_KEY_UIMainStoryboardFile = Main;
				INFOPLIST_KEY_UISupportedInterfaceOrientations = UIInterfaceOrientationPortrait;
				INFOPLIST_KEY_UISupportedInterfaceOrientations_iPad = "UIInterfaceOrientationLandscapeLeft UIInterfaceOrientationLandscapeRight UIInterfaceOrientationPortrait UIInterfaceOrientationPortraitUpsideDown";
				IPHONEOS_DEPLOYMENT_TARGET = 15.0;
				LD_RUNPATH_SEARCH_PATHS = (
					"$(inherited)",
					"@executable_path/Frameworks",
				);
				MARKETING_VERSION = 1.0;
				PRODUCT_BUNDLE_IDENTIFIER = "com.allgram.Allgram-dev";
				PRODUCT_NAME = "$(TARGET_NAME)";
				SUPPORTED_PLATFORMS = "iphoneos iphonesimulator";
				SUPPORTS_MACCATALYST = NO;
				SUPPORTS_MAC_DESIGNED_FOR_IPHONE_IPAD = NO;
				SWIFT_EMIT_LOC_STRINGS = YES;
				SWIFT_VERSION = 5.0;
				TARGETED_DEVICE_FAMILY = 1;
			};
			name = Release;
		};
/* End XCBuildConfiguration section */

/* Begin XCConfigurationList section */
		E1D3089928E4195D0023F4EF /* Build configuration list for PBXProject "VoIP Test" */ = {
			isa = XCConfigurationList;
			buildConfigurations = (
				E1D308B028E419600023F4EF /* Debug */,
				E1D308B128E419600023F4EF /* Release */,
			);
			defaultConfigurationIsVisible = 0;
			defaultConfigurationName = Release;
		};
		E1D308B228E419600023F4EF /* Build configuration list for PBXNativeTarget "VoIP Test" */ = {
			isa = XCConfigurationList;
			buildConfigurations = (
				E1D308B328E419600023F4EF /* Debug */,
				E1D308B428E419600023F4EF /* Release */,
			);
			defaultConfigurationIsVisible = 0;
			defaultConfigurationName = Release;
		};
/* End XCConfigurationList section */
	};
	rootObject = E1D3089628E4195D0023F4EF /* Project object */;
}
